
Microsoft Visual Studio Solution File, Format Version 12.00
# Visual Studio Version 17
VisualStudioVersion = 17.6.33723.286
MinimumVisualStudioVersion = 10.0.40219.1
Project("{FAE04EC0-301F-11D3-BF4B-00C04F79EFBC}") = "ПЗ1 АКтКМ", "ПЗ1 АКтКМ\ПЗ1 АКтКМ.csproj", "{1FF04685-D7FC-489D-A44B-12B106B48916}"
EndProject
Global
	GlobalSection(SolutionConfigurationPlatforms) = preSolution
		Debug|Any CPU = Debug|Any CPU
		Release|Any CPU = Release|Any CPU
	EndGlobalSection
	GlobalSection(ProjectConfigurationPlatforms) = postSolution
		{1FF04685-D7FC-489D-A44B-12B106B48916}.Debug|Any CPU.ActiveCfg = Debug|Any CPU
		{1FF04685-D7FC-489D-A44B-12B106B48916}.Debug|Any CPU.Build.0 = Debug|Any CPU
		{1FF04685-D7FC-489D-A44B-12B106B48916}.Release|Any CPU.ActiveCfg = Release|Any CPU
		{1FF04685-D7FC-489D-A44B-12B106B48916}.Release|Any CPU.Build.0 = Release|Any CPU
	EndGlobalSection
	GlobalSection(SolutionProperties) = preSolution
		HideSolutionNode = FALSE
	EndGlobalSection
	GlobalSection(ExtensibilityGlobals) = postSolution
		SolutionGuid = {F5FE1633-BEB9-4159-86B8-2EE7313A4641}
	EndGlobalSection
EndGlobal
